
Microsoft Visual Studio Solution File, Format Version 12.00
# Visual Studio Version 17
VisualStudioVersion = 17.5.002.0
MinimumVisualStudioVersion = 10.0.40219.1
Project("{9A19103F-16F7-4668-BE54-9A1E7A4F7556}") = "day01", "day01\day01.csproj", "{2560213A-A239-4E9B-9096-87853078424F}"
EndProject
Global
	GlobalSection(SolutionConfigurationPlatforms) = preSolution
		Debug|Any CPU = Debug|Any CPU
		Release|Any CPU = Release|Any CPU
	EndGlobalSection
	GlobalSection(ProjectConfigurationPlatforms) = postSolution
		{2560213A-A239-4E9B-9096-87853078424F}.Debug|Any CPU.ActiveCfg = Debug|Any CPU
		{2560213A-A239-4E9B-9096-87853078424F}.Debug|Any CPU.Build.0 = Debug|Any CPU
		{2560213A-A239-4E9B-9096-87853078424F}.Release|Any CPU.ActiveCfg = Release|Any CPU
		{2560213A-A239-4E9B-9096-87853078424F}.Release|Any CPU.Build.0 = Release|Any CPU
	EndGlobalSection
	GlobalSection(SolutionProperties) = preSolution
		HideSolutionNode = FALSE
	EndGlobalSection
	GlobalSection(ExtensibilityGlobals) = postSolution
		SolutionGuid = {875BD603-E917-4D60-A56C-B5DA25329989}
	EndGlobalSection
EndGlobal
